PODS:
  - ContactCircularView (0.1.2)
  - Nimble (3.2.0)
  - PureLayout (3.0.2)
  - Quick (0.9.2)

DEPENDENCIES:
  - ContactCircularView (from `../`)
  - Nimble (~> 3.0)
  - PureLayout
  - Quick (~> 0.8)

EXTERNAL SOURCES:
  ContactCircularView:
    :path: "../"

SPEC CHECKSUMS:
  ContactCircularView: 11786829a7e6127031aad27f1dfa56fea554350b
  Nimble: 703854335d181df169bbca9c97117b5cf8c47c1d
  PureLayout: 4d550abe49a94f24c2808b9b95db9131685fe4cd
  Quick: 18d057bc66451eedd5d1c8dc99ba2a5db6e60226

PODFILE CHECKSUM: 1d4445504ddc85fdb2cd0bd1b8083b57e9b89465

COCOAPODS: 1.0.1
